
Microsoft Visual Studio Solution File, Format Version 12.00
# Visual Studio 15
VisualStudioVersion = 15.0.28010.2046
MinimumVisualStudioVersion = 10.0.40219.1
Project("{FAE04EC0-301F-11D3-BF4B-00C04F79EFBC}") = "AirAsset", "AirAsset\AirAsset.csproj", "{D53DC161-A520-4E67-B796-4C828123C958}"
EndProject
Project("{FAE04EC0-301F-11D3-BF4B-00C04F79EFBC}") = "AirAsset.Tests", "AirAsset.Tests\AirAsset.Tests.csproj", "{C9E9DC13-EA9C-488E-B634-99E916FF51CB}"
EndProject
Project("{E53339B2-1760-4266-BCC7-CA923CBCF16C}") = "docker-compose", "docker-compose.dcproj", "{4010563B-699A-43C9-980A-7A21F2821511}"
EndProject
Global
	GlobalSection(SolutionConfigurationPlatforms) = preSolution
		Debug|Any CPU = Debug|Any CPU
		Release|Any CPU = Release|Any CPU
	EndGlobalSection
	GlobalSection(ProjectConfigurationPlatforms) = postSolution
		{D53DC161-A520-4E67-B796-4C828123C958}.Debug|Any CPU.ActiveCfg = Debug|Any CPU
		{D53DC161-A520-4E67-B796-4C828123C958}.Debug|Any CPU.Build.0 = Debug|Any CPU
		{D53DC161-A520-4E67-B796-4C828123C958}.Release|Any CPU.ActiveCfg = Release|Any CPU
		{D53DC161-A520-4E67-B796-4C828123C958}.Release|Any CPU.Build.0 = Release|Any CPU
		{C9E9DC13-EA9C-488E-B634-99E916FF51CB}.Debug|Any CPU.ActiveCfg = Debug|Any CPU
		{C9E9DC13-EA9C-488E-B634-99E916FF51CB}.Debug|Any CPU.Build.0 = Debug|Any CPU
		{C9E9DC13-EA9C-488E-B634-99E916FF51CB}.Release|Any CPU.ActiveCfg = Release|Any CPU
		{C9E9DC13-EA9C-488E-B634-99E916FF51CB}.Release|Any CPU.Build.0 = Release|Any CPU
		{4010563B-699A-43C9-980A-7A21F2821511}.Debug|Any CPU.ActiveCfg = Debug|Any CPU
		{4010563B-699A-43C9-980A-7A21F2821511}.Debug|Any CPU.Build.0 = Debug|Any CPU
		{4010563B-699A-43C9-980A-7A21F2821511}.Release|Any CPU.ActiveCfg = Release|Any CPU
		{4010563B-699A-43C9-980A-7A21F2821511}.Release|Any CPU.Build.0 = Release|Any CPU
	EndGlobalSection
	GlobalSection(SolutionProperties) = preSolution
		HideSolutionNode = FALSE
	EndGlobalSection
	GlobalSection(ExtensibilityGlobals) = postSolution
		SolutionGuid = {C18EA8C3-9552-4C6F-A1A6-8392A23EB368}
	EndGlobalSection
EndGlobal
